github.com/chakrit/go-bunyan v0.0.0-20140303180041-5a9b5e7b1765 h1:HUh++FEzizTfAmUDGMWSZaa8rrh2o4/Mley/RdNjHn8=
github.com/chakrit/go-bunyan v0.0.0-20140303180041-5a9b5e7b1765/go.mod h1:m9evZ3bBCZccBQE5sSXJHmUStUkXIoA3iLjyBmSzRwA=
github.com/confluentinc/confluent-kafka-go v1.8.2 h1:PBdbvYpyOdFLehj8j+9ba7FL4c4Moxn79gy9cYKxG5E=
github.com/confluentinc/confluent-kafka-go v1.8.2/go.mod h1:u2zNLny2xq+5rWeTQjFHbDzzNuba4P1vo31r9r4uAdg=
github.com/namsral/flag v1.7.4-pre h1:b2ScHhoCUkbsq0d2C15Mv+VU8bl8hAXV8arnWiOHNZs=
github.com/namsral/flag v1.7.4-pre/go.mod h1:OXldTctbM6SWH1K899kPZcf65KxJiD7MsceFUpB5yDo=
gopkg.in/guregu/null.v4 v4.0.0 h1:1Wm3S1WEA2I26Kq+6vcW+w0gcDo44YKYD7YIEJNHDjg=
gopkg.in/guregu/null.v4 v4.0.0/go.mod h1:YoQhUrADuG3i9WqesrCmpNRwm1ypAgSHYqoOcTu/JrI=
